
Microsoft Visual Studio Solution File, Format Version 12.00
# Visual Studio Version 17
VisualStudioVersion = 17.9.34622.214
MinimumVisualStudioVersion = 10.0.40219.1
Project("{FAE04EC0-301F-11D3-BF4B-00C04F79EFBC}") = "CargoLoadAPI.Server", "CargoLoadAPI.Server\CargoLoadAPI.Server.csproj", "{1946632D-A19A-4F1E-BDDF-C20422D8CC87}"
EndProject
Project("{54A90642-561A-4BB1-A94E-469ADEE60C69}") = "cargoloadapi.client", "cargoloadapi.client\cargoloadapi.client.esproj", "{A5DD6803-AB6F-4E36-AA19-91425DE2A33C}"
EndProject
Global
	GlobalSection(SolutionConfigurationPlatforms) = preSolution
		Debug|Any CPU = Debug|Any CPU
		Release|Any CPU = Release|Any CPU
	EndGlobalSection
	GlobalSection(ProjectConfigurationPlatforms) = postSolution
		{1946632D-A19A-4F1E-BDDF-C20422D8CC87}.Debug|Any CPU.ActiveCfg = Debug|Any CPU
		{1946632D-A19A-4F1E-BDDF-C20422D8CC87}.Debug|Any CPU.Build.0 = Debug|Any CPU
		{1946632D-A19A-4F1E-BDDF-C20422D8CC87}.Release|Any CPU.ActiveCfg = Release|Any CPU
		{1946632D-A19A-4F1E-BDDF-C20422D8CC87}.Release|Any CPU.Build.0 = Release|Any CPU
		{A5DD6803-AB6F-4E36-AA19-91425DE2A33C}.Debug|Any CPU.ActiveCfg = Debug|Any CPU
		{A5DD6803-AB6F-4E36-AA19-91425DE2A33C}.Debug|Any CPU.Build.0 = Debug|Any CPU
		{A5DD6803-AB6F-4E36-AA19-91425DE2A33C}.Debug|Any CPU.Deploy.0 = Debug|Any CPU
		{A5DD6803-AB6F-4E36-AA19-91425DE2A33C}.Release|Any CPU.ActiveCfg = Release|Any CPU
		{A5DD6803-AB6F-4E36-AA19-91425DE2A33C}.Release|Any CPU.Build.0 = Release|Any CPU
		{A5DD6803-AB6F-4E36-AA19-91425DE2A33C}.Release|Any CPU.Deploy.0 = Release|Any CPU
	EndGlobalSection
	GlobalSection(SolutionProperties) = preSolution
		HideSolutionNode = FALSE
	EndGlobalSection
	GlobalSection(ExtensibilityGlobals) = postSolution
		SolutionGuid = {9C4AF42A-5219-4329-9E8F-2624CAE04517}
	EndGlobalSection
EndGlobal
